// !$*UTF8*$!
{
	archiveVersion = 1;
	classes = {
	};
	objectVersion = 56;
	objects = {

/* Begin PBXBuildFile section */
		CE7C78DF29B658FA00A4B73A /* Assembly+BootstrapDataProvider.swift in Sources */ = {isa = PBXBuildFile; fileRef = CE7C78DE29B658FA00A4B73A /* Assembly+BootstrapDataProvider.swift */; };
		CE96AEA129B1C121001EC86A /* AppDelegate.swift in Sources */ = {isa = PBXBuildFile; fileRef = CE96AEA029B1C121001EC86A /* AppDelegate.swift */; };
		CE96AEA329B1C121001EC86A /* SceneDelegate.swift in Sources */ = {isa = PBXBuildFile; fileRef = CE96AEA229B1C121001EC86A /* SceneDelegate.swift */; };
		CE96AEA529B1C121001EC86A /* ViewController.swift in Sources */ = {isa = PBXBuildFile; fileRef = CE96AEA429B1C121001EC86A /* ViewController.swift */; };
		CE96AEA829B1C121001EC86A /* Main.storyboard in Resources */ = {isa = PBXBuildFile; fileRef = CE96AEA629B1C121001EC86A /* Main.storyboard */; };
		CE96AEAA29B1C129001EC86A /* Assets.xcassets in Resources */ = {isa = PBXBuildFile; fileRef = CE96AEA929B1C129001EC86A /* Assets.xcassets */; };
		CE96AEAD29B1C129001EC86A /* LaunchScreen.storyboard in Resources */ = {isa = PBXBuildFile; fileRef = CE96AEAB29B1C129001EC86A /* LaunchScreen.storyboard */; };
		CE96AEBD29B1C26E001EC86A /* Profile.json in Resources */ = {isa = PBXBuildFile; fileRef = CE96AEBC29B1C26E001EC86A /* Profile.json */; };
		CE96AEBF29B1C28F001EC86A /* City.json in Resources */ = {isa = PBXBuildFile; fileRef = CE96AEBE29B1C28F001EC86A /* City.json */; };
		CE96AEC129B1C2E4001EC86A /* DateFormatter.swift in Sources */ = {isa = PBXBuildFile; fileRef = CE96AEC029B1C2E4001EC86A /* DateFormatter.swift */; };
		CE96AEC329B1C30E001EC86A /* ApiClient.swift in Sources */ = {isa = PBXBuildFile; fileRef = CE96AEC229B1C30E001EC86A /* ApiClient.swift */; };
		CE96AEC529B1C344001EC86A /* DataStorage.swift in Sources */ = {isa = PBXBuildFile; fileRef = CE96AEC429B1C344001EC86A /* DataStorage.swift */; };
		CE96AEC729B1C366001EC86A /* UserDefaultsStorage.swift in Sources */ = {isa = PBXBuildFile; fileRef = CE96AEC629B1C366001EC86A /* UserDefaultsStorage.swift */; };
		CE96AEC929B1C386001EC86A /* ApiError.swift in Sources */ = {isa = PBXBuildFile; fileRef = CE96AEC829B1C386001EC86A /* ApiError.swift */; };
		CE96AECB29B1C3A8001EC86A /* Profile.swift in Sources */ = {isa = PBXBuildFile; fileRef = CE96AECA29B1C3A8001EC86A /* Profile.swift */; };
		CE96AECD29B1C3C8001EC86A /* ProfileResponseData.swift in Sources */ = {isa = PBXBuildFile; fileRef = CE96AECC29B1C3C8001EC86A /* ProfileResponseData.swift */; };
		CE96AECF29B1C3E2001EC86A /* ResponseBody.swift in Sources */ = {isa = PBXBuildFile; fileRef = CE96AECE29B1C3E2001EC86A /* ResponseBody.swift */; };
		CE96AED129B1C403001EC86A /* City.swift in Sources */ = {isa = PBXBuildFile; fileRef = CE96AED029B1C403001EC86A /* City.swift */; };
		CE96AED329B1C426001EC86A /* CityResponseData.swift in Sources */ = {isa = PBXBuildFile; fileRef = CE96AED229B1C426001EC86A /* CityResponseData.swift */; };
		CE96AED529B1C451001EC86A /* Assembly.swift in Sources */ = {isa = PBXBuildFile; fileRef = CE96AED429B1C451001EC86A /* Assembly.swift */; };
		CE96AED729B1C472001EC86A /* Assembly+DataStorage.swift in Sources */ = {isa = PBXBuildFile; fileRef = CE96AED629B1C472001EC86A /* Assembly+DataStorage.swift */; };
		CE96AED929B1C48D001EC86A /* Assembly+Formatter.swift in Sources */ = {isa = PBXBuildFile; fileRef = CE96AED829B1C48D001EC86A /* Assembly+Formatter.swift */; };
		CE96AEDB29B1C4AF001EC86A /* Assembly+ApiClient.swift in Sources */ = {isa = PBXBuildFile; fileRef = CE96AEDA29B1C4AF001EC86A /* Assembly+ApiClient.swift */; };
		CE96AEDD29B1C556001EC86A /* BootstrapDataProvider.swift in Sources */ = {isa = PBXBuildFile; fileRef = CE96AEDC29B1C556001EC86A /* BootstrapDataProvider.swift */; };
/* End PBXBuildFile section */

/* Begin PBXFileReference section */
		CE7C78DE29B658FA00A4B73A /* Assembly+BootstrapDataProvider.swift */ = {isa = PBXFileReference; lastKnownFileType = sourcecode.swift; path = "Assembly+BootstrapDataProvider.swift"; sourceTree = "<group>"; };
		CE96AE9D29B1C121001EC86A /* CourseApp.app */ = {isa = PBXFileReference; explicitFileType = wrapper.application; includeInIndex = 0; path = CourseApp.app; sourceTree = BUILT_PRODUCTS_DIR; };
		CE96AEA029B1C121001EC86A /* AppDelegate.swift */ = {isa = PBXFileReference; lastKnownFileType = sourcecode.swift; path = AppDelegate.swift; sourceTree = "<group>"; };
		CE96AEA229B1C121001EC86A /* SceneDelegate.swift */ = {isa = PBXFileReference; lastKnownFileType = sourcecode.swift; path = SceneDelegate.swift; sourceTree = "<group>"; };
		CE96AEA429B1C121001EC86A /* ViewController.swift */ = {isa = PBXFileReference; lastKnownFileType = sourcecode.swift; path = ViewController.swift; sourceTree = "<group>"; };
		CE96AEA729B1C121001EC86A /* Base */ = {isa = PBXFileReference; lastKnownFileType = file.storyboard; name = Base; path = Base.lproj/Main.storyboard; sourceTree = "<group>"; };
		CE96AEA929B1C129001EC86A /* Assets.xcassets */ = {isa = PBXFileReference; lastKnownFileType = folder.assetcatalog; path = Assets.xcassets; sourceTree = "<group>"; };
		CE96AEAC29B1C129001EC86A /* Base */ = {isa = PBXFileReference; lastKnownFileType = file.storyboard; name = Base; path = Base.lproj/LaunchScreen.storyboard; sourceTree = "<group>"; };
		CE96AEAE29B1C129001EC86A /* Info.plist */ = {isa = PBXFileReference; lastKnownFileType = text.plist.xml; path = Info.plist; sourceTree = "<group>"; };
		CE96AEBC29B1C26E001EC86A /* Profile.json */ = {isa = PBXFileReference; lastKnownFileType = text.json; path = Profile.json; sourceTree = "<group>"; };
		CE96AEBE29B1C28F001EC86A /* City.json */ = {isa = PBXFileReference; lastKnownFileType = text.json; path = City.json; sourceTree = "<group>"; };
		CE96AEC029B1C2E4001EC86A /* DateFormatter.swift */ = {isa = PBXFileReference; lastKnownFileType = sourcecode.swift; path = DateFormatter.swift; sourceTree = "<group>"; };
		CE96AEC229B1C30E001EC86A /* ApiClient.swift */ = {isa = PBXFileReference; lastKnownFileType = sourcecode.swift; path = ApiClient.swift; sourceTree = "<group>"; };
		CE96AEC429B1C344001EC86A /* DataStorage.swift */ = {isa = PBXFileReference; lastKnownFileType = sourcecode.swift; path = DataStorage.swift; sourceTree = "<group>"; };
		CE96AEC629B1C366001EC86A /* UserDefaultsStorage.swift */ = {isa = PBXFileReference; lastKnownFileType = sourcecode.swift; path = UserDefaultsStorage.swift; sourceTree = "<group>"; };
		CE96AEC829B1C386001EC86A /* ApiError.swift */ = {isa = PBXFileReference; lastKnownFileType = sourcecode.swift; path = ApiError.swift; sourceTree = "<group>"; };
		CE96AECA29B1C3A8001EC86A /* Profile.swift */ = {isa = PBXFileReference; lastKnownFileType = sourcecode.swift; path = Profile.swift; sourceTree = "<group>"; };
		CE96AECC29B1C3C8001EC86A /* ProfileResponseData.swift */ = {isa = PBXFileReference; lastKnownFileType = sourcecode.swift; path = ProfileResponseData.swift; sourceTree = "<group>"; };
		CE96AECE29B1C3E2001EC86A /* ResponseBody.swift */ = {isa = PBXFileReference; lastKnownFileType = sourcecode.swift; path = ResponseBody.swift; sourceTree = "<group>"; };
		CE96AED029B1C403001EC86A /* City.swift */ = {isa = PBXFileReference; lastKnownFileType = sourcecode.swift; path = City.swift; sourceTree = "<group>"; };
		CE96AED229B1C426001EC86A /* CityResponseData.swift */ = {isa = PBXFileReference; lastKnownFileType = sourcecode.swift; path = CityResponseData.swift; sourceTree = "<group>"; };
		CE96AED429B1C451001EC86A /* Assembly.swift */ = {isa = PBXFileReference; lastKnownFileType = sourcecode.swift; path = Assembly.swift; sourceTree = "<group>"; };
		CE96AED629B1C472001EC86A /* Assembly+DataStorage.swift */ = {isa = PBXFileReference; lastKnownFileType = sourcecode.swift; path = "Assembly+DataStorage.swift"; sourceTree = "<group>"; };
		CE96AED829B1C48D001EC86A /* Assembly+Formatter.swift */ = {isa = PBXFileReference; lastKnownFileType = sourcecode.swift; path = "Assembly+Formatter.swift"; sourceTree = "<group>"; };
		CE96AEDA29B1C4AF001EC86A /* Assembly+ApiClient.swift */ = {isa = PBXFileReference; lastKnownFileType = sourcecode.swift; path = "Assembly+ApiClient.swift"; sourceTree = "<group>"; };
		CE96AEDC29B1C556001EC86A /* BootstrapDataProvider.swift */ = {isa = PBXFileReference; lastKnownFileType = sourcecode.swift; path = BootstrapDataProvider.swift; sourceTree = "<group>"; };
/* End PBXFileReference section */

/* Begin PBXFrameworksBuildPhase section */
		CE96AE9A29B1C121001EC86A /* Frameworks */ = {
			isa = PBXFrameworksBuildPhase;
			buildActionMask = 2147483647;
			files = (
			);
			runOnlyForDeploymentPostprocessing = 0;
		};
/* End PBXFrameworksBuildPhase section */

/* Begin PBXGroup section */
		CE96AE9429B1C121001EC86A = {
			isa = PBXGroup;
			children = (
				CE96AE9F29B1C121001EC86A /* CourseApp */,
				CE96AE9E29B1C121001EC86A /* Products */,
			);
			sourceTree = "<group>";
		};
		CE96AE9E29B1C121001EC86A /* Products */ = {
			isa = PBXGroup;
			children = (
				CE96AE9D29B1C121001EC86A /* CourseApp.app */,
			);
			name = Products;
			sourceTree = "<group>";
		};
		CE96AE9F29B1C121001EC86A /* CourseApp */ = {
			isa = PBXGroup;
			children = (
				CE96AEBB29B1C212001EC86A /* Assembly */,
				CE96AEBA29B1C208001EC86A /* DataStorage */,
				CE96AEB829B1C1DA001EC86A /* Entity */,
				CE96AEB729B1C1D3001EC86A /* Utils */,
				CE96AEB629B1C1C6001EC86A /* Resources */,
				CE96AEB529B1C1A3001EC86A /* ApiClient */,
				CE96AEB429B1C160001EC86A /* DataProvider */,
				CE96AEA029B1C121001EC86A /* AppDelegate.swift */,
				CE96AEA229B1C121001EC86A /* SceneDelegate.swift */,
				CE96AEA429B1C121001EC86A /* ViewController.swift */,
				CE96AEA629B1C121001EC86A /* Main.storyboard */,
				CE96AEA929B1C129001EC86A /* Assets.xcassets */,
				CE96AEAB29B1C129001EC86A /* LaunchScreen.storyboard */,
				CE96AEAE29B1C129001EC86A /* Info.plist */,
			);
			path = CourseApp;
			sourceTree = "<group>";
		};
		CE96AEB429B1C160001EC86A /* DataProvider */ = {
			isa = PBXGroup;
			children = (
				CE96AEDC29B1C556001EC86A /* BootstrapDataProvider.swift */,
			);
			path = DataProvider;
			sourceTree = "<group>";
		};
		CE96AEB529B1C1A3001EC86A /* ApiClient */ = {
			isa = PBXGroup;
			children = (
				CE96AEC229B1C30E001EC86A /* ApiClient.swift */,
			);
			path = ApiClient;
			sourceTree = "<group>";
		};
		CE96AEB629B1C1C6001EC86A /* Resources */ = {
			isa = PBXGroup;
			children = (
				CE96AEBC29B1C26E001EC86A /* Profile.json */,
				CE96AEBE29B1C28F001EC86A /* City.json */,
			);
			path = Resources;
			sourceTree = "<group>";
		};
		CE96AEB729B1C1D3001EC86A /* Utils */ = {
			isa = PBXGroup;
			children = (
				CE96AEC029B1C2E4001EC86A /* DateFormatter.swift */,
			);
			path = Utils;
			sourceTree = "<group>";
		};
		CE96AEB829B1C1DA001EC86A /* Entity */ = {
			isa = PBXGroup;
			children = (
				CE96AECA29B1C3A8001EC86A /* Profile.swift */,
				CE96AECC29B1C3C8001EC86A /* ProfileResponseData.swift */,
				CE96AED029B1C403001EC86A /* City.swift */,
				CE96AED229B1C426001EC86A /* CityResponseData.swift */,
				CE96AECE29B1C3E2001EC86A /* ResponseBody.swift */,
				CE96AEC829B1C386001EC86A /* ApiError.swift */,
			);
			path = Entity;
			sourceTree = "<group>";
		};
		CE96AEBA29B1C208001EC86A /* DataStorage */ = {
			isa = PBXGroup;
			children = (
				CE96AEC429B1C344001EC86A /* DataStorage.swift */,
				CE96AEC629B1C366001EC86A /* UserDefaultsStorage.swift */,
			);
			path = DataStorage;
			sourceTree = "<group>";
		};
		CE96AEBB29B1C212001EC86A /* Assembly */ = {
			isa = PBXGroup;
			children = (
				CE96AED429B1C451001EC86A /* Assembly.swift */,
				CE96AED629B1C472001EC86A /* Assembly+DataStorage.swift */,
				CE96AED829B1C48D001EC86A /* Assembly+Formatter.swift */,
				CE96AEDA29B1C4AF001EC86A /* Assembly+ApiClient.swift */,
				CE7C78DE29B658FA00A4B73A /* Assembly+BootstrapDataProvider.swift */,
			);
			path = Assembly;
			sourceTree = "<group>";
		};
/* End PBXGroup section */

/* Begin PBXNativeTarget section */
		CE96AE9C29B1C121001EC86A /* CourseApp */ = {
			isa = PBXNativeTarget;
			buildConfigurationList = CE96AEB129B1C129001EC86A /* Build configuration list for PBXNativeTarget "CourseApp" */;
			buildPhases = (
				CE96AE9929B1C121001EC86A /* Sources */,
				CE96AE9A29B1C121001EC86A /* Frameworks */,
				CE96AE9B29B1C121001EC86A /* Resources */,
			);
			buildRules = (
			);
			dependencies = (
			);
			name = CourseApp;
			productName = CourseApp;
			productReference = CE96AE9D29B1C121001EC86A /* CourseApp.app */;
			productType = "com.apple.product-type.application";
		};
/* End PBXNativeTarget section */

/* Begin PBXProject section */
		CE96AE9529B1C121001EC86A /* Project object */ = {
			isa = PBXProject;
			attributes = {
				BuildIndependentTargetsInParallel = 1;
				LastSwiftUpdateCheck = 1420;
				LastUpgradeCheck = 1420;
				TargetAttributes = {
					CE96AE9C29B1C121001EC86A = {
						CreatedOnToolsVersion = 14.2;
					};
				};
			};
			buildConfigurationList = CE96AE9829B1C121001EC86A /* Build configuration list for PBXProject "CourseApp" */;
			compatibilityVersion = "Xcode 14.0";
			developmentRegion = en;
			hasScannedForEncodings = 0;
			knownRegions = (
				en,
				Base,
			);
			mainGroup = CE96AE9429B1C121001EC86A;
			productRefGroup = CE96AE9E29B1C121001EC86A /* Products */;
			projectDirPath = "";
			projectRoot = "";
			targets = (
				CE96AE9C29B1C121001EC86A /* CourseApp */,
			);
		};
/* End PBXProject section */

/* Begin PBXResourcesBuildPhase section */
		CE96AE9B29B1C121001EC86A /* Resources */ = {
			isa = PBXResourcesBuildPhase;
			buildActionMask = 2147483647;
			files = (
				CE96AEAD29B1C129001EC86A /* LaunchScreen.storyboard in Resources */,
				CE96AEBD29B1C26E001EC86A /* Profile.json in Resources */,
				CE96AEAA29B1C129001EC86A /* Assets.xcassets in Resources */,
				CE96AEBF29B1C28F001EC86A /* City.json in Resources */,
				CE96AEA829B1C121001EC86A /* Main.storyboard in Resources */,
			);
			runOnlyForDeploymentPostprocessing = 0;
		};
/* End PBXResourcesBuildPhase section */

/* Begin PBXSourcesBuildPhase section */
		CE96AE9929B1C121001EC86A /* Sources */ = {
			isa = PBXSourcesBuildPhase;
			buildActionMask = 2147483647;
			files = (
				CE96AEC129B1C2E4001EC86A /* DateFormatter.swift in Sources */,
				CE96AEC729B1C366001EC86A /* UserDefaultsStorage.swift in Sources */,
				CE96AED929B1C48D001EC86A /* Assembly+Formatter.swift in Sources */,
				CE96AEDD29B1C556001EC86A /* BootstrapDataProvider.swift in Sources */,
				CE96AEDB29B1C4AF001EC86A /* Assembly+ApiClient.swift in Sources */,
				CE96AED329B1C426001EC86A /* CityResponseData.swift in Sources */,
				CE96AED529B1C451001EC86A /* Assembly.swift in Sources */,
				CE96AED129B1C403001EC86A /* City.swift in Sources */,
				CE96AEA529B1C121001EC86A /* ViewController.swift in Sources */,
				CE96AEA129B1C121001EC86A /* AppDelegate.swift in Sources */,
				CE96AEC529B1C344001EC86A /* DataStorage.swift in Sources */,
				CE96AEC929B1C386001EC86A /* ApiError.swift in Sources */,
				CE96AEA329B1C121001EC86A /* SceneDelegate.swift in Sources */,
				CE96AED729B1C472001EC86A /* Assembly+DataStorage.swift in Sources */,
				CE96AECB29B1C3A8001EC86A /* Profile.swift in Sources */,
				CE7C78DF29B658FA00A4B73A /* Assembly+BootstrapDataProvider.swift in Sources */,
				CE96AECD29B1C3C8001EC86A /* ProfileResponseData.swift in Sources */,
				CE96AEC329B1C30E001EC86A /* ApiClient.swift in Sources */,
				CE96AECF29B1C3E2001EC86A /* ResponseBody.swift in Sources */,
			);
			runOnlyForDeploymentPostprocessing = 0;
		};
/* End PBXSourcesBuildPhase section */

/* Begin PBXVariantGroup section */
		CE96AEA629B1C121001EC86A /* Main.storyboard */ = {
			isa = PBXVariantGroup;
			children = (
				CE96AEA729B1C121001EC86A /* Base */,
			);
			name = Main.storyboard;
			sourceTree = "<group>";
		};
		CE96AEAB29B1C129001EC86A /* LaunchScreen.storyboard */ = {
			isa = PBXVariantGroup;
			children = (
				CE96AEAC29B1C129001EC86A /* Base */,
			);
			name = LaunchScreen.storyboard;
			sourceTree = "<group>";
		};
/* End PBXVariantGroup section */

/* Begin XCBuildConfiguration section */
		CE96AEAF29B1C129001EC86A /* Debug */ = {
			isa = XCBuildConfiguration;
			buildSettings = {
				ALWAYS_SEARCH_USER_PATHS = NO;
				CLANG_ANALYZER_NONNULL = YES;
				CLANG_ANALYZER_NUMBER_OBJECT_CONVERSION = YES_AGGRESSIVE;
				CLANG_CXX_LANGUAGE_STANDARD = "gnu++20";
				CLANG_ENABLE_MODULES = YES;
				CLANG_ENABLE_OBJC_ARC = YES;
				CLANG_ENABLE_OBJC_WEAK = YES;
				CLANG_WARN_BLOCK_CAPTURE_AUTORELEASING = YES;
				CLANG_WARN_BOOL_CONVERSION = YES;
				CLANG_WARN_COMMA = YES;
				CLANG_WARN_CONSTANT_CONVERSION = YES;
				CLANG_WARN_DEPRECATED_OBJC_IMPLEMENTATIONS = YES;
				CLANG_WARN_DIRECT_OBJC_ISA_USAGE = YES_ERROR;
				CLANG_WARN_DOCUMENTATION_COMMENTS = YES;
				CLANG_WARN_EMPTY_BODY = YES;
				CLANG_WARN_ENUM_CONVERSION = YES;
				CLANG_WARN_INFINITE_RECURSION = YES;
				CLANG_WARN_INT_CONVERSION = YES;
				CLANG_WARN_NON_LITERAL_NULL_CONVERSION = YES;
				CLANG_WARN_OBJC_IMPLICIT_RETAIN_SELF = YES;
				CLANG_WARN_OBJC_LITERAL_CONVERSION = YES;
				CLANG_WARN_OBJC_ROOT_CLASS = YES_ERROR;
				CLANG_WARN_QUOTED_INCLUDE_IN_FRAMEWORK_HEADER = YES;
				CLANG_WARN_RANGE_LOOP_ANALYSIS = YES;
				CLANG_WARN_STRICT_PROTOTYPES = YES;
				CLANG_WARN_SUSPICIOUS_MOVE = YES;
				CLANG_WARN_UNGUARDED_AVAILABILITY = YES_AGGRESSIVE;
				CLANG_WARN_UNREACHABLE_CODE = YES;
				CLANG_WARN__DUPLICATE_METHOD_MATCH = YES;
				COPY_PHASE_STRIP = NO;
				DEBUG_INFORMATION_FORMAT = dwarf;
				ENABLE_STRICT_OBJC_MSGSEND = YES;
				ENABLE_TESTABILITY = YES;
				GCC_C_LANGUAGE_STANDARD = gnu11;
				GCC_DYNAMIC_NO_PIC = NO;
				GCC_NO_COMMON_BLOCKS = YES;
				GCC_OPTIMIZATION_LEVEL = 0;
				GCC_PREPROCESSOR_DEFINITIONS = (
					"DEBUG=1",
					"$(inherited)",
				);
				GCC_WARN_64_TO_32_BIT_CONVERSION = YES;
				GCC_WARN_ABOUT_RETURN_TYPE = YES_ERROR;
				GCC_WARN_UNDECLARED_SELECTOR = YES;
				GCC_WARN_UNINITIALIZED_AUTOS = YES_AGGRESSIVE;
				GCC_WARN_UNUSED_FUNCTION = YES;
				GCC_WARN_UNUSED_VARIABLE = YES;
				IPHONEOS_DEPLOYMENT_TARGET = 16.2;
				MTL_ENABLE_DEBUG_INFO = INCLUDE_SOURCE;
				MTL_FAST_MATH = YES;
				ONLY_ACTIVE_ARCH = YES;
				SDKROOT = iphoneos;
				SWIFT_ACTIVE_COMPILATION_CONDITIONS = DEBUG;
				SWIFT_OPTIMIZATION_LEVEL = "-Onone";
			};
			name = Debug;
		};
		CE96AEB029B1C129001EC86A /* Release */ = {
			isa = XCBuildConfiguration;
			buildSettings = {
				ALWAYS_SEARCH_USER_PATHS = NO;
				CLANG_ANALYZER_NONNULL = YES;
				CLANG_ANALYZER_NUMBER_OBJECT_CONVERSION = YES_AGGRESSIVE;
				CLANG_CXX_LANGUAGE_STANDARD = "gnu++20";
				CLANG_ENABLE_MODULES = YES;
				CLANG_ENABLE_OBJC_ARC = YES;
				CLANG_ENABLE_OBJC_WEAK = YES;
				CLANG_WARN_BLOCK_CAPTURE_AUTORELEASING = YES;
				CLANG_WARN_BOOL_CONVERSION = YES;
				CLANG_WARN_COMMA = YES;
				CLANG_WARN_CONSTANT_CONVERSION = YES;
				CLANG_WARN_DEPRECATED_OBJC_IMPLEMENTATIONS = YES;
				CLANG_WARN_DIRECT_OBJC_ISA_USAGE = YES_ERROR;
				CLANG_WARN_DOCUMENTATION_COMMENTS = YES;
				CLANG_WARN_EMPTY_BODY = YES;
				CLANG_WARN_ENUM_CONVERSION = YES;
				CLANG_WARN_INFINITE_RECURSION = YES;
				CLANG_WARN_INT_CONVERSION = YES;
				CLANG_WARN_NON_LITERAL_NULL_CONVERSION = YES;
				CLANG_WARN_OBJC_IMPLICIT_RETAIN_SELF = YES;
				CLANG_WARN_OBJC_LITERAL_CONVERSION = YES;
				CLANG_WARN_OBJC_ROOT_CLASS = YES_ERROR;
				CLANG_WARN_QUOTED_INCLUDE_IN_FRAMEWORK_HEADER = YES;
				CLANG_WARN_RANGE_LOOP_ANALYSIS = YES;
				CLANG_WARN_STRICT_PROTOTYPES = YES;
				CLANG_WARN_SUSPICIOUS_MOVE = YES;
				CLANG_WARN_UNGUARDED_AVAILABILITY = YES_AGGRESSIVE;
				CLANG_WARN_UNREACHABLE_CODE = YES;
				CLANG_WARN__DUPLICATE_METHOD_MATCH = YES;
				COPY_PHASE_STRIP = NO;
				DEBUG_INFORMATION_FORMAT = "dwarf-with-dsym";
				ENABLE_NS_ASSERTIONS = NO;
				ENABLE_STRICT_OBJC_MSGSEND = YES;
				GCC_C_LANGUAGE_STANDARD = gnu11;
				GCC_NO_COMMON_BLOCKS = YES;
				GCC_WARN_64_TO_32_BIT_CONVERSION = YES;
				GCC_WARN_ABOUT_RETURN_TYPE = YES_ERROR;
				GCC_WARN_UNDECLARED_SELECTOR = YES;
				GCC_WARN_UNINITIALIZED_AUTOS = YES_AGGRESSIVE;
				GCC_WARN_UNUSED_FUNCTION = YES;
				GCC_WARN_UNUSED_VARIABLE = YES;
				IPHONEOS_DEPLOYMENT_TARGET = 16.2;
				MTL_ENABLE_DEBUG_INFO = NO;
				MTL_FAST_MATH = YES;
				SDKROOT = iphoneos;
				SWIFT_COMPILATION_MODE = wholemodule;
				SWIFT_OPTIMIZATION_LEVEL = "-O";
				VALIDATE_PRODUCT = YES;
			};
			name = Release;
		};
		CE96AEB229B1C129001EC86A /* Debug */ = {
			isa = XCBuildConfiguration;
			buildSettings = {
				ASSETCATALOG_COMPILER_APPICON_NAME = AppIcon;
				ASSETCATALOG_COMPILER_GLOBAL_ACCENT_COLOR_NAME = AccentColor;
				CODE_SIGN_STYLE = Automatic;
				CURRENT_PROJECT_VERSION = 1;
				GENERATE_INFOPLIST_FILE = YES;
				INFOPLIST_FILE = CourseApp/Info.plist;
				INFOPLIST_KEY_UIApplicationSupportsIndirectInputEvents = YES;
				INFOPLIST_KEY_UILaunchStoryboardName = LaunchScreen;
				INFOPLIST_KEY_UIMainStoryboardFile = Main;
				INFOPLIST_KEY_UISupportedInterfaceOrientations_iPad = "UIInterfaceOrientationPortrait UIInterfaceOrientationPortraitUpsideDown UIInterfaceOrientationLandscapeLeft UIInterfaceOrientationLandscapeRight";
				INFOPLIST_KEY_UISupportedInterfaceOrientations_iPhone = "UIInterfaceOrientationPortrait UIInterfaceOrientationLandscapeLeft UIInterfaceOrientationLandscapeRight";
				LD_RUNPATH_SEARCH_PATHS = (
					"$(inherited)",
					"@executable_path/Frameworks",
				);
				MARKETING_VERSION = 1.0;
				PRODUCT_BUNDLE_IDENTIFIER = HH.CourseApp;
				PRODUCT_NAME = "$(TARGET_NAME)";
				SWIFT_EMIT_LOC_STRINGS = YES;
				SWIFT_VERSION = 5.0;
				TARGETED_DEVICE_FAMILY = "1,2";
			};
			name = Debug;
		};
		CE96AEB329B1C129001EC86A /* Release */ = {
			isa = XCBuildConfiguration;
			buildSettings = {
				ASSETCATALOG_COMPILER_APPICON_NAME = AppIcon;
				ASSETCATALOG_COMPILER_GLOBAL_ACCENT_COLOR_NAME = AccentColor;
				CODE_SIGN_STYLE = Automatic;
				CURRENT_PROJECT_VERSION = 1;
				GENERATE_INFOPLIST_FILE = YES;
				INFOPLIST_FILE = CourseApp/Info.plist;
				INFOPLIST_KEY_UIApplicationSupportsIndirectInputEvents = YES;
				INFOPLIST_KEY_UILaunchStoryboardName = LaunchScreen;
				INFOPLIST_KEY_UIMainStoryboardFile = Main;
				INFOPLIST_KEY_UISupportedInterfaceOrientations_iPad = "UIInterfaceOrientationPortrait UIInterfaceOrientationPortraitUpsideDown UIInterfaceOrientationLandscapeLeft UIInterfaceOrientationLandscapeRight";
				INFOPLIST_KEY_UISupportedInterfaceOrientations_iPhone = "UIInterfaceOrientationPortrait UIInterfaceOrientationLandscapeLeft UIInterfaceOrientationLandscapeRight";
				LD_RUNPATH_SEARCH_PATHS = (
					"$(inherited)",
					"@executable_path/Frameworks",
				);
				MARKETING_VERSION = 1.0;
				PRODUCT_BUNDLE_IDENTIFIER = HH.CourseApp;
				PRODUCT_NAME = "$(TARGET_NAME)";
				SWIFT_EMIT_LOC_STRINGS = YES;
				SWIFT_VERSION = 5.0;
				TARGETED_DEVICE_FAMILY = "1,2";
			};
			name = Release;
		};
/* End XCBuildConfiguration section */

/* Begin XCConfigurationList section */
		CE96AE9829B1C121001EC86A /* Build configuration list for PBXProject "CourseApp" */ = {
			isa = XCConfigurationList;
			buildConfigurations = (
				CE96AEAF29B1C129001EC86A /* Debug */,
				CE96AEB029B1C129001EC86A /* Release */,
			);
			defaultConfigurationIsVisible = 0;
			defaultConfigurationName = Release;
		};
		CE96AEB129B1C129001EC86A /* Build configuration list for PBXNativeTarget "CourseApp" */ = {
			isa = XCConfigurationList;
			buildConfigurations = (
				CE96AEB229B1C129001EC86A /* Debug */,
				CE96AEB329B1C129001EC86A /* Release */,
			);
			defaultConfigurationIsVisible = 0;
			defaultConfigurationName = Release;
		};
/* End XCConfigurationList section */
	};
	rootObject = CE96AE9529B1C121001EC86A /* Project object */;
}
